<?xml version="1.0" encoding="utf-8"?>
<Project ToolsVersion="4.0" xmlns="http://schemas.microsoft.com/developer/msbuild/2003">
  <ItemGroup>
    <ClCompile Include="main.cpp" />
    <ClCompile Include="Pathfinder.cpp" />
    <ClCompile Include="Node.cpp" />
    <ClCompile Include="V2Dint.cpp" />
    <ClCompile Include="FindPath.cpp" />
    <ClCompile Include="ScenarioLoader.cpp" />
    <ClCompile Include="Map.cpp" />
  </ItemGroup>
  <ItemGroup>
    <ClInclude Include="Pathfinder.h" />
    <ClInclude Include="Node.h" />
    <ClInclude Include="V2Dint.h" />
    <ClInclude Include="FindPath.h" />
    <ClInclude Include="ScenarioLoader.h" />
    <ClInclude Include="Map.h" />
  </ItemGroup>
</Project>